{
  "name": "mi-monorepo",
  "version": "1.0.0",
  "lockfileVersion": 3,
  "requires": true,
  "packages": {
    "": {
      "name": "mi-monorepo",
      "version": "1.0.0",
      "license": "ISC",
      "workspaces": [
        "apps/*",
        "packages/*"
      ]
    },
    "apps/practicaNodo": {
      "name": "nodo",
      "version": "1.0.0",
      "license": "ISC"
    },
    "apps/proyecto-prueba": {
      "version": "1.0.0",
      "license": "ISC"
    },
    "node_modules/nodo": {
      "resolved": "apps/practicaNodo",
      "link": true
    },
    "node_modules/proyecto-prueba": {
      "resolved": "apps/proyecto-prueba",
      "link": true
    }
  }
}
